version = 1
revision = 3
requires-python = ">=3.10"

[[package]]
name = "anyio"
version = "4.11.0"
source = { registry = "https://pypi.org/simple" }
dependencies = [
    { name = "exceptiongroup", marker = "python_full_version < '3.11'" },
    { name = "idna" },
    { name = "sniffio" },
    { name = "typing-extensions", marker = "python_full_version < '3.13'" },
]
sdist = { url = "https://files.pythonhosted.org/packages/c6/78/7d432127c41b50bccba979505f272c16cbcadcc33645d5fa3a738110ae75/anyio-4.11.0.tar.gz", hash = "sha256:82a8d0b81e318cc5ce71a5f1f8b5c4e63619620b63141ef8c995fa0db95a57c4", size = 219094, upload-time = "2025-09-23T09:19:12.58Z" }
wheels = [
    { url = "https://files.pythonhosted.org/packages/15/b3/9b1a8074496371342ec1e796a96f99c82c945a339cd81a8e73de28b4cf9e/anyio-4.11.0-py3-none-any.whl", hash = "sha256:0287e96f4d26d4149305414d4e3bc32f0dcd0862365a4bddea19d7a1ec38c4fc", size = 109097, upload-time = "2025-09-23T09:19:10.601Z" },
]

[[package]]
name = "certifi"
version = "2025.10.5"
source = { registry = "https://pypi.org/simple" }
sdist = { url = "https://files.pythonhosted.org/packages/4c/5b/b6ce21586237c77ce67d01dc5507039d444b630dd76611bbca2d8e5dcd91/certifi-2025.10.5.tar.gz", hash = "sha256:47c09d31ccf2acf0be3f701ea53595ee7e0b8fa08801c6624be771df09ae7b43", size = 164519, upload-time = "2025-10-05T04:12:15.808Z" }
wheels = [
    { url = "https://files.pythonhosted.org/packages/e4/37/af0d2ef3967ac0d6113837b44a4f0bfe1328c2b9763bd5b1744520e5cfed/certifi-2025.10.5-py3-none-any.whl", hash = "sha256:0f212c2744a9bb6de0c56639a6f68afe01ecd92d91f14ae897c4fe7bbeeef0de", size = 163286, upload-time = "2025-10-05T04:12:14.03Z" },
]

[[package]]
name = "colorama"
version = "0.4.6"
source = { registry = "https://pypi.org/simple" }
sdist = { url = "https://files.pythonhosted.org/packages/d8/53/6f443c9a4a8358a93a6792e2acffb9d9d5cb0a5cfd8802644b7b1c9a02e4/colorama-0.4.6.tar.gz", hash = "sha256:08695f5cb7ed6e0531a20572697297273c47b8cae5a63ffc6d6ed5c201be6e44", size = 27697, upload-time = "2022-10-25T02:36:22.414Z" }
wheels = [
    { url = "https://files.pythonhosted.org/packages/d1/d6/3965ed04c63042e047cb6a3e6ed1a63a35087b6a609aa3a15ed8ac56c221/colorama-0.4.6-py2.py3-none-any.whl", hash = "sha256:4f1d9991f5acc0ca119f9d443620b77f9d6b33703e51011c16baf57afb285fc6", size = 25335, upload-time = "2022-10-25T02:36:20.889Z" },
]

[[package]]
name = "exceptiongroup"
version = "1.3.0"
source = { registry = "https://pypi.org/simple" }
dependencies = [
    { name = "typing-extensions", marker = "python_full_version < '3.13'" },
]
sdist = { url = "https://files.pythonhosted.org/packages/0b/9f/a65090624ecf468cdca03533906e7c69ed7588582240cfe7cc9e770b50eb/exceptiongroup-1.3.0.tar.gz", hash = "sha256:b241f5885f560bc56a59ee63ca4c6a8bfa46ae4ad651af316d4e81817bb9fd88", size = 29749, upload-time = "2025-05-10T17:42:51.123Z" }
wheels = [
    { url = "https://files.pythonhosted.org/packages/36/f4/c6e662dade71f56cd2f3735141b265c3c79293c109549c1e6933b0651ffc/exceptiongroup-1.3.0-py3-none-any.whl", hash = "sha256:4d111e6e0c13d0644cad6ddaa7ed0261a0b36971f6d23e7ec9b4b9097da78a10", size = 16674, upload-time = "2025-05-10T17:42:49.33Z" },
]

[[package]]
name = "h11"
version = "0.16.0"
source = { registry = "https://pypi.org/simple" }
sdist = { url = "https://files.pythonhosted.org/packages/01/ee/02a2c011bdab74c6fb3c75474d40b3052059d95df7e73351460c8588d963/h11-0.16.0.tar.gz", hash = "sha256:4e35b956cf45792e4caa5885e69fba00bdbc6ffafbfa020300e549b208ee5ff1", size = 101250, upload-time = "2025-04-24T03:35:25.427Z" }
wheels = [
    { url = "https://files.pythonhosted.org/packages/04/4b/29cac41a4d98d144bf5f6d33995617b185d14b22401f75ca86f384e87ff1/h11-0.16.0-py3-none-any.whl", hash = "sha256:63cf8bbe7522de3bf65932fda1d9c2772064ffb3dae62d55932da54b31cb6c86", size = 37515, upload-time = "2025-04-24T03:35:24.344Z" },
]

[[package]]
name = "h2"
version = "4.3.0"
source = { registry = "https://pypi.org/simple" }
dependencies = [
    { name = "hpack" },
    { name = "hyperframe" },
]
sdist = { url = "https://files.pythonhosted.org/packages/1d/17/afa56379f94ad0fe8defd37d6eb3f89a25404ffc71d4d848893d270325fc/h2-4.3.0.tar.gz", hash = "sha256:6c59efe4323fa18b47a632221a1888bd7fde6249819beda254aeca909f221bf1", size = 2152026, upload-time = "2025-08-23T18:12:19.778Z" }
wheels = [
    { url = "https://files.pythonhosted.org/packages/69/b2/119f6e6dcbd96f9069ce9a2665e0146588dc9f88f29549711853645e736a/h2-4.3.0-py3-none-any.whl", hash = "sha256:c438f029a25f7945c69e0ccf0fb951dc3f73a5f6412981daee861431b70e2bdd", size = 61779, upload-time = "2025-08-23T18:12:17.779Z" },
]

[[package]]
name = "hpack"
version = "4.1.0"
source = { registry = "https://pypi.org/simple" }
sdist = { url = "https://files.pythonhosted.org/packages/2c/48/71de9ed269fdae9c8057e5a4c0aa7402e8bb16f2c6e90b3aa53327b113f8/hpack-4.1.0.tar.gz", hash = "sha256:ec5eca154f7056aa06f196a557655c5b009b382873ac8d1e66e79e87535f1dca", size = 51276, upload-time = "2025-01-22T21:44:58.347Z" }
wheels = [
    { url = "https://files.pythonhosted.org/packages/07/c6/80c95b1b2b94682a72cbdbfb85b81ae2daffa4291fbfa1b1464502ede10d/hpack-4.1.0-py3-none-any.whl", hash = "sha256:157ac792668d995c657d93111f46b4535ed114f0c9c8d672271bbec7eae1b496", size = 34357, upload-time = "2025-01-22T21:44:56.92Z" },
]

[[package]]
name = "httpcore"
version = "1.0.9"
source = { registry = "https://pypi.org/simple" }
dependencies = [
    { name = "certifi" },
    { name = "h11" },
]
sdist = { url = "https://files.pythonhosted.org/packages/06/94/82699a10bca87a5556c9c59b5963f2d039dbd239f25bc2a63907a05a14cb/httpcore-1.0.9.tar.gz", hash = "sha256:6e34463af53fd2ab5d807f399a9b45ea31c3dfa2276f15a2c3f00afff6e176e8", size = 85484, upload-time = "2025-04-24T22:06:22.219Z" }
wheels = [
    { url = "https://files.pythonhosted.org/packages/7e/f5/f66802a942d491edb555dd61e3a9961140fd64c90bce1eafd741609d334d/httpcore-1.0.9-py3-none-any.whl", hash = "sha256:2d400746a40668fc9dec9810239072b40b4484b640a8c38fd654a024c7a1bf55", size = 78784, upload-time = "2025-04-24T22:06:20.566Z" },
]

[[package]]
name = "httpx"
version = "0.28.1"
source = { registry = "https://pypi.org/simple" }
dependencies = [
    { name = "anyio" },
    { name = "certifi" },
    { name = "httpcore" },
    { name = "idna" },
]
sdist = { url = "https://files.pythonhosted.org/packages/b1/df/48c586a5fe32a0f01324ee087459e112ebb7224f646c0b5023f5e79e9956/httpx-0.28.1.tar.gz", hash = "sha256:75e98c5f16b0f35b567856f597f06ff2270a374470a5c2392242528e3e3e42fc", size = 141406, upload-time = "2024-12-06T15:37:23.222Z" }
wheels = [
    { url = "https://files.pythonhosted.org/packages/2a/39/e50c7c3a983047577ee07d2a9e53faf5a69493943ec3f6a384bdc792deb2/httpx-0.28.1-py3-none-any.whl", hash = "sha256:d909fcccc110f8c7faf814ca82a9a4d816bc5a6dbfea25d6591d6985b8ba59ad", size = 73517, upload-time = "2024-12-06T15:37:21.509Z" },
]

[package.optional-dependencies]
http2 = [
    { name = "h2" },
]

[[package]]
name = "hyperframe"
version = "6.1.0"
source = { registry = "https://pypi.org/simple" }
sdist = { url = "https://files.pythonhosted.org/packages/02/e7/94f8232d4a74cc99514c13a9f995811485a6903d48e5d952771ef6322e30/hyperframe-6.1.0.tar.gz", hash = "sha256:f630908a00854a7adeabd6382b43923a4c4cd4b821fcb527e6ab9e15382a3b08", size = 26566, upload-time = "2025-01-22T21:41:49.302Z" }
wheels = [
    { url = "https://files.pythonhosted.org/packages/48/30/47d0bf6072f7252e6521f3447ccfa40b421b6824517f82854703d0f5a98b/hyperframe-6.1.0-py3-none-any.whl", hash = "sha256:b03380493a519fce58ea5af42e4a42317bf9bd425596f7a0835ffce80f1a42e5", size = 13007, upload-time = "2025-01-22T21:41:47.295Z" },
]

[[package]]
name = "idna"
version = "3.11"
source = { registry = "https://pypi.org/simple" }
sdist = { url = "https://files.pythonhosted.org/packages/6f/6d/0703ccc57f3a7233505399edb88de3cbd678da106337b9fcde432b65ed60/idna-3.11.tar.gz", hash = "sha256:795dafcc9c04ed0c1fb032c2aa73654d8e8c5023a7df64a53f39190ada629902", size = 194582, upload-time = "2025-10-12T14:55:20.501Z" }
wheels = [
    { url = "https://files.pythonhosted.org/packages/0e/61/66938bbb5fc52dbdf84594873d5b51fb1f7c7794e9c0f5bd885f30bc507b/idna-3.11-py3-none-any.whl", hash = "sha256:771a87f49d9defaf64091e6e6fe9c18d4833f140bd19464795bc32d966ca37ea", size = 71008, upload-time = "2025-10-12T14:55:18.883Z" },
]

[[package]]
name = "iniconfig"
version = "2.1.0"
source = { registry = "https://pypi.org/simple" }
sdist = { url = "https://files.pythonhosted.org/packages/f2/97/ebf4da567aa6827c909642694d71c9fcf53e5b504f2d96afea02718862f3/iniconfig-2.1.0.tar.gz", hash = "sha256:3abbd2e30b36733fee78f9c7f7308f2d0050e88f0087fd25c2645f63c773e1c7", size = 4793, upload-time = "2025-03-19T20:09:59.721Z" }
wheels = [
    { url = "https://files.pythonhosted.org/packages/2c/e1/e6716421ea10d38022b952c159d5161ca1193197fb744506875fbb87ea7b/iniconfig-2.1.0-py3-none-any.whl", hash = "sha256:9deba5723312380e77435581c6bf4935c94cbfab9b1ed33ef8d238ea168eb760", size = 6050, upload-time = "2025-03-19T20:10:01.071Z" },
]

[[package]]
name = "langcodes"
version = "3.5.0"
source = { registry = "https://pypi.org/simple" }
dependencies = [
    { name = "language-data" },
]
sdist = { url = "https://files.pythonhosted.org/packages/3a/7a/5a97e327063409a5caa21541e6d08ae4a0f2da328447e9f2c7b39e179226/langcodes-3.5.0.tar.gz", hash = "sha256:1eef8168d07e51e131a2497ffecad4b663f6208e7c3ae3b8dc15c51734a6f801", size = 191030, upload-time = "2024-11-19T10:23:45.546Z" }
wheels = [
    { url = "https://files.pythonhosted.org/packages/c3/6b/068c2ea7a712bf805c62445bd9e9c06d7340358ef2824150eceac027444b/langcodes-3.5.0-py3-none-any.whl", hash = "sha256:853c69d1a35e0e13da2f427bb68fb2fa4a8f4fb899e0c62ad8df8d073dcfed33", size = 182974, upload-time = "2024-11-19T10:23:42.824Z" },
]

[[package]]
name = "language-data"
version = "1.3.0"
source = { registry = "https://pypi.org/simple" }
dependencies = [
    { name = "marisa-trie" },
]
sdist = { url = "https://files.pythonhosted.org/packages/dd/ce/3f144716a9f2cbf42aa86ebc8b085a184be25c80aa453eea17c294d239c1/language_data-1.3.0.tar.gz", hash = "sha256:7600ef8aa39555145d06c89f0c324bf7dab834ea0b0a439d8243762e3ebad7ec", size = 5129310, upload-time = "2024-11-19T10:21:37.912Z" }
wheels = [
    { url = "https://files.pythonhosted.org/packages/5d/e9/5a5ffd9b286db82be70d677d0a91e4d58f7912bb8dd026ddeeb4abe70679/language_data-1.3.0-py3-none-any.whl", hash = "sha256:e2ee943551b5ae5f89cd0e801d1fc3835bb0ef5b7e9c3a4e8e17b2b214548fbf", size = 5385760, upload-time = "2024-11-19T10:21:36.005Z" },
]

[[package]]
name = "marisa-trie"
version = "1.3.1"
source = { registry = "https://pypi.org/simple" }
sdist = { url = "https://files.pythonhosted.org/packages/c5/e3/c9066e74076b90f9701ccd23d6a0b8c1d583feefdec576dc3e1bb093c50d/marisa_trie-1.3.1.tar.gz", hash = "sha256:97107fd12f30e4f8fea97790343a2d2d9a79d93697fe14e1b6f6363c984ff85b", size = 212454, upload-time = "2025-08-26T15:13:18.401Z" }
wheels = [
    { url = "https://files.pythonhosted.org/packages/36/eb/c18113555950ea25c421a5e8f7f280a9d7e9198a072f89d33ae9a5725ead/marisa_trie-1.3.1-cp310-cp310-macosx_10_9_x86_64.whl", hash = "sha256:7e957aa4251a8e70b9fe02a16b2d190f18787902da563cb7ba865508b8e8fb04", size = 172432, upload-time = "2025-08-26T15:11:51.329Z" },
    { url = "https://files.pythonhosted.org/packages/b5/98/6d3f507a7340697d25d53839e68b516d3d01a3714edf33d484896250189b/marisa_trie-1.3.1-cp310-cp310-macosx_11_0_arm64.whl", hash = "sha256:e5888b269e790356ce4525f3e8df1fe866d1497b7d7fb7548cfec883cb985288", size = 156327, upload-time = "2025-08-26T15:11:52.646Z" },
    { url = "https://files.pythonhosted.org/packages/be/39/78d6def87a6effec6480ef1474d4cc81ef9845c78281ac5a6c07a6440744/marisa_trie-1.3.1-cp310-cp310-manylinux_2_24_aarch64.manylinux_2_28_aarch64.whl", hash = "sha256:8f81344d212cb41992340b0b8a67e375f44da90590b884204fd3fa5e02107df2", size = 1219155, upload-time = "2025-08-26T15:11:53.915Z" },
    { url = "https://files.pythonhosted.org/packages/a6/b4/3b60c26cb9a2c623f47eeed84cfa6ebd3f71c5bd95ef32ed526e4ac689dc/marisa_trie-1.3.1-cp310-cp310-manylinux_2_24_x86_64.manylinux_2_28_x86_64.whl", hash = "sha256:3715d779561699471edde70975e07b1de7dddb2816735d40ed16be4b32054188", size = 1239413, upload-time = "2025-08-26T15:11:55.655Z" },
    { url = "https://files.pythonhosted.org/packages/21/ef/9c7fca5bf133bdb144317843881c8b0c74d2acb7fa209f793c29422e7669/marisa_trie-1.3.1-cp310-cp310-musllinux_1_2_aarch64.whl", hash = "sha256:47631614c5243ed7d15ae0af8245fcc0599f5b7921fae2a4ae992afb27c9afbb", size = 2161737, upload-time = "2025-08-26T15:11:56.832Z" },
    { url = "https://files.pythonhosted.org/packages/1c/03/d5f630498bf4b8baf2d6484651255f601e9fdc6d42a83288e8b2420ebc9b/marisa_trie-1.3.1-cp310-cp310-musllinux_1_2_x86_64.whl", hash = "sha256:ad82ab8a58562cf69e6b786debcc7638b28df12f9f1c7bcffb07efb5c1f09cbd", size = 2250038, upload-time = "2025-08-26T15:11:58.165Z" },
    { url = "https://files.pythonhosted.org/packages/00/6b/c12f055dbb13d22b0f8e1f3da9cb734f581b516cc0e3c909e3f39368f676/marisa_trie-1.3.1-cp310-cp310-win32.whl", hash = "sha256:9f92d3577c72d5a97af5c8e3d98247b79c8ccfb64ebf611311dcf631b11e5604", size = 117232, upload-time = "2025-08-26T15:11:59.616Z" },
    { url = "https://files.pythonhosted.org/packages/f2/fd/988a19587c7bb8f03fb80e17335f75ca2d5538df4909727012b4bdff8f99/marisa_trie-1.3.1-cp310-cp310-win_amd64.whl", hash = "sha256:a5a0a58ffe2a7eb3f870214c6df8f9a43ce768bd8fed883e6ba8c77645666b63", size = 143231, upload-time = "2025-08-26T15:12:00.52Z" },
    { url = "https://files.pythonhosted.org/packages/a7/bf/2f1fe6c9fcd2b509c6dfaaf26e35128947d6d3718d0b39510903c55b7bed/marisa_trie-1.3.1-cp311-cp311-macosx_10_9_x86_64.whl", hash = "sha256:5ef045f694ef66079b4e00c4c9063a00183d6af7d1ff643de6ea5c3b0d9af01b", size = 174027, upload-time = "2025-08-26T15:12:01.434Z" },
    { url = "https://files.pythonhosted.org/packages/a9/5a/de7936d58ed0de847180cee2b95143d420223c5ade0c093d55113f628237/marisa_trie-1.3.1-cp311-cp311-macosx_11_0_arm64.whl", hash = "sha256:cbd28f95d5f30d9a7af6130869568e75bfd7ef2e0adfb1480f1f44480f5d3603", size = 158478, upload-time = "2025-08-26T15:12:02.429Z" },
    { url = "https://files.pythonhosted.org/packages/48/cc/80611aadefcd0bcf8cd1795cb4643bb27213319a221ba04fe071da0b75cd/marisa_trie-1.3.1-cp311-cp311-manylinux_2_24_aarch64.manylinux_2_28_aarch64.whl", hash = "sha256:b173ec46d521308f7c97d96d6e05cf2088e0548f82544ec9a8656af65593304d", size = 1257535, upload-time = "2025-08-26T15:12:04.271Z" },
    { url = "https://files.pythonhosted.org/packages/36/89/c4eeefb956318047036e6bdc572b6112b2059d595e85961267a90aa40458/marisa_trie-1.3.1-cp311-cp311-manylinux_2_24_x86_64.manylinux_2_28_x86_64.whl", hash = "sha256:954fef9185f8a79441b4e433695116636bf66402945cfee404f8983bafa59788", size = 1275566, upload-time = "2025-08-26T15:12:05.874Z" },
    { url = "https://files.pythonhosted.org/packages/c4/63/d775a2fdfc4b555120381cd2aa6dff1845576bc14fb13796ae1b1e8dbaf7/marisa_trie-1.3.1-cp311-cp311-musllinux_1_2_aarch64.whl", hash = "sha256:ca644534f15f85bba14c412afc17de07531e79a766ce85b8dbf3f8b6e7758f20", size = 2199831, upload-time = "2025-08-26T15:12:07.175Z" },
    { url = "https://files.pythonhosted.org/packages/50/aa/e5053927dc3cac77acc9b27f6f87e75c880f5d3d5eac9111fe13b1d8bf6f/marisa_trie-1.3.1-cp311-cp311-musllinux_1_2_x86_64.whl", hash = "sha256:3834304fdeaa1c9b73596ad5a6c01a44fc19c13c115194704b85f7fbdf0a7b8e", size = 2283830, upload-time = "2025-08-26T15:12:08.319Z" },
    { url = "https://files.pythonhosted.org/packages/71/3e/e314906d0de5b1a44780a23c79bb62a9aafd876e2a4e80fb34f58c721da4/marisa_trie-1.3.1-cp311-cp311-win32.whl", hash = "sha256:70b4c96f9119cfeb4dc6a0cf4afc9f92f0b002cde225bcd910915d976c78e66a", size = 117335, upload-time = "2025-08-26T15:12:09.776Z" },
    { url = "https://files.pythonhosted.org/packages/b0/2b/85623566621135de3d57497811f94679b4fb2a8f16148ef67133c2abab7a/marisa_trie-1.3.1-cp311-cp311-win_amd64.whl", hash = "sha256:986eaf35a7f63c878280609ecd37edf8a074f7601c199acfec81d03f1ee9a39a", size = 143985, upload-time = "2025-08-26T15:12:10.988Z" },
    { url = "https://files.pythonhosted.org/packages/3f/40/ee7ea61b88d62d2189b5c4a27bc0fc8d9c32f8b8dc6daf1c93a7b7ad34ac/marisa_trie-1.3.1-cp312-cp312-macosx_10_13_x86_64.whl", hash = "sha256:5b7c1e7fa6c3b855e8cfbabf38454d7decbaba1c567d0cd58880d033c6b363bd", size = 173454, upload-time = "2025-08-26T15:12:12.13Z" },
    { url = "https://files.pythonhosted.org/packages/9c/fc/58635811586898041004b2197a085253706ede211324a53ec01612a50e20/marisa_trie-1.3.1-cp312-cp312-macosx_11_0_arm64.whl", hash = "sha256:c12b44c190deb0d67655021da1f2d0a7d61a257bf844101cf982e68ed344f28d", size = 155305, upload-time = "2025-08-26T15:12:13.374Z" },
    { url = "https://files.pythonhosted.org/packages/fe/98/88ca0c98d37034a3237acaf461d210cbcfeb6687929e5ba0e354971fa3ed/marisa_trie-1.3.1-cp312-cp312-manylinux_2_24_aarch64.manylinux_2_28_aarch64.whl", hash = "sha256:9688c7b45f744366a4ef661e399f24636ebe440d315ab35d768676c59c613186", size = 1244834, upload-time = "2025-08-26T15:12:14.795Z" },
    { url = "https://files.pythonhosted.org/packages/f3/5f/93b3e3607ccd693a768eafee60829cd14ea1810b75aa48e8b20e27b332c4/marisa_trie-1.3.1-cp312-cp312-manylinux_2_24_x86_64.manylinux_2_28_x86_64.whl", hash = "sha256:99a00cab4cf9643a87977c87a5c8961aa44fff8d5dd46e00250135f686e7dedf", size = 1265148, upload-time = "2025-08-26T15:12:16.229Z" },
    { url = "https://files.pythonhosted.org/packages/db/6e/051d7d25c7fb2b3df605c8bd782513ebbb33fddf3bae6cf46cf268cca89f/marisa_trie-1.3.1-cp312-cp312-musllinux_1_2_aarch64.whl", hash = "sha256:83efc045fc58ca04c91a96c9b894d8a19ac6553677a76f96df01ff9f0405f53d", size = 2172726, upload-time = "2025-08-26T15:12:18.467Z" },
    { url = "https://files.pythonhosted.org/packages/58/da/244d9d4e414ce6c73124cba4cc293dd140bf3b04ca18dec64c2775cca951/marisa_trie-1.3.1-cp312-cp312-musllinux_1_2_x86_64.whl", hash = "sha256:0b9816ab993001a7854b02a7daec228892f35bd5ab0ac493bacbd1b80baec9f1", size = 2256104, upload-time = "2025-08-26T15:12:20.168Z" },
    { url = "https://files.pythonhosted.org/packages/c4/f1/1a36ecd7da6668685a7753522af89a19928ffc80f1cc1dbc301af216f011/marisa_trie-1.3.1-cp312-cp312-win32.whl", hash = "sha256:c785fd6dae9daa6825734b7b494cdac972f958be1f9cb3fb1f32be8598d2b936", size = 115624, upload-time = "2025-08-26T15:12:21.233Z" },
    { url = "https://files.pythonhosted.org/packages/35/b2/aabd1c9f1c102aa31d66633ed5328c447be166e0a703f9723e682478fd83/marisa_trie-1.3.1-cp312-cp312-win_amd64.whl", hash = "sha256:9868b7a8e0f648d09ffe25ac29511e6e208cc5fb0d156c295385f9d5dc2a138e", size = 138562, upload-time = "2025-08-26T15:12:22.632Z" },
    { url = "https://files.pythonhosted.org/packages/46/a2/8331b995c1b3eee83aa745f4a6502d737ec523d5955a48f167d4177db105/marisa_trie-1.3.1-cp313-cp313-macosx_10_13_x86_64.whl", hash = "sha256:9de573d933db4753a50af891bcb3ffbfe14e200406214c223aa5dfe2163f316d", size = 172272, upload-time = "2025-08-26T15:12:24.016Z" },
    { url = "https://files.pythonhosted.org/packages/97/b8/7b9681b5c0ea1bb950f907a4e3919eb7f7b7b3febafaae346f3b3f199f6f/marisa_trie-1.3.1-cp313-cp313-macosx_11_0_arm64.whl", hash = "sha256:f4bae4f920f2a1082eaf766c1883df7da84abdf333bafa15b8717c10416a615e", size = 154671, upload-time = "2025-08-26T15:12:25.013Z" },
    { url = "https://files.pythonhosted.org/packages/ca/16/929c1f83fdcff13f8d08500f434aaa18c21c8168d16cf81585d69085e980/marisa_trie-1.3.1-cp313-cp313-manylinux_2_24_aarch64.manylinux_2_28_aarch64.whl", hash = "sha256:bf9f2b97fcfd5e2dbb0090d0664023872dcde990df0b545eca8d0ce95795a409", size = 1238754, upload-time = "2025-08-26T15:12:26.217Z" },
    { url = "https://files.pythonhosted.org/packages/0f/0a/b0e04d3ef91a87d4c7ea0b66c004fdfc6e65c9ed83edaebecfb482dfe0ed/marisa_trie-1.3.1-cp313-cp313-manylinux_2_24_x86_64.manylinux_2_28_x86_64.whl", hash = "sha256:ecdb19d33b26738a32602ef432b06cc6deeca4b498ce67ba8e5e39c8a7c19745", size = 1262653, upload-time = "2025-08-26T15:12:27.422Z" },
    { url = "https://files.pythonhosted.org/packages/de/1f/0ecf610ddc9a209ee63116baabb47584d5b8ecd01610091a593d9429537e/marisa_trie-1.3.1-cp313-cp313-musllinux_1_2_aarch64.whl", hash = "sha256:a7416f1a084eb889c5792c57317875aeaa86abfe0bdc6f167712cebcec1d36ee", size = 2172399, upload-time = "2025-08-26T15:12:28.926Z" },
    { url = "https://files.pythonhosted.org/packages/ac/74/6b47deff3b3920449c135b9187c80f0d656adcdc5d41463745a61b012ea1/marisa_trie-1.3.1-cp313-cp313-musllinux_1_2_x86_64.whl", hash = "sha256:ee428575377e29c636f2b4b3b0488875dcea310c6c5b3412ec4ef997f7bb37cc", size = 2255138, upload-time = "2025-08-26T15:12:30.271Z" },
    { url = "https://files.pythonhosted.org/packages/bd/fa/3dbcbe93dfaa626a5b3e741e7bcf3d7389aa5777175213bd8d9a9d3c992d/marisa_trie-1.3.1-cp313-cp313-win32.whl", hash = "sha256:d0f87bdf660f01e88ab3a507955697b2e3284065afa0b94fc9e77d6ad153ed5e", size = 115391, upload-time = "2025-08-26T15:12:31.465Z" },
    { url = "https://files.pythonhosted.org/packages/3b/ce/ddfab303646b21aef07ff9dbc83fba92e5d493f49d3bc03d899ffd45c86f/marisa_trie-1.3.1-cp313-cp313-win_amd64.whl", hash = "sha256:a83f5f7ae3494e0cc25211296252b1b86901c788ed82c83adda19d0c98f828d6", size = 139130, upload-time = "2025-08-26T15:12:32.4Z" },
    { url = "https://files.pythonhosted.org/packages/5a/1e/734b618048ad05c50cb1673ce2c6e836dc38ddeeeb011ed1804af07327a4/marisa_trie-1.3.1-cp313-cp313t-macosx_10_13_x86_64.whl", hash = "sha256:a850b151bd1e3a5d9afef113adc22727d696603659d575d7e84f994bd8d04bf1", size = 175131, upload-time = "2025-08-26T15:12:33.728Z" },
    { url = "https://files.pythonhosted.org/packages/d3/78/c7051147cc918cb8ff4a2920e11a9b17d9dcb4d8fc122122694b486e2bfe/marisa_trie-1.3.1-cp313-cp313t-macosx_11_0_arm64.whl", hash = "sha256:9dc61fb8f8993589544f6df268229c6cf0a56ad4ed3e8585a9cd23c5ad79527b", size = 163094, upload-time = "2025-08-26T15:12:35.312Z" },
    { url = "https://files.pythonhosted.org/packages/ee/b8/3b904178d7878319aacaabae5131c1f281519aaac0f8c68c8ed312912ccf/marisa_trie-1.3.1-cp313-cp313t-manylinux_2_24_aarch64.manylinux_2_28_aarch64.whl", hash = "sha256:d4bd41a6e73c0d0adafe4de449b6d35530a4ce6a836a6ee839baf117785ecfd7", size = 1279812, upload-time = "2025-08-26T15:12:36.831Z" },
    { url = "https://files.pythonhosted.org/packages/fb/bf/e77a1284247b980560b4104bbdd5d06ed2c2ae3d56ab954f97293b6dbbcd/marisa_trie-1.3.1-cp313-cp313t-manylinux_2_24_x86_64.manylinux_2_28_x86_64.whl", hash = "sha256:8c8b2386d2d22c57880ed20a913ceca86363765623175671137484a7d223f07a", size = 1285690, upload-time = "2025-08-26T15:12:38.754Z" },
    { url = "https://files.pythonhosted.org/packages/48/82/f6f10db5ec72de2642499f3a6e4e8607bbd2cfb28269ea08d0d8ddac3313/marisa_trie-1.3.1-cp313-cp313t-musllinux_1_2_aarch64.whl", hash = "sha256:9c56001badaf1779afae5c24b7ab85938644ab8ef3c5fd438ab5d49621b84482", size = 2197943, upload-time = "2025-08-26T15:12:40.584Z" },
    { url = "https://files.pythonhosted.org/packages/2a/d0/74b6c3011b1ebf4a8131430156b14c3af694082cf34c392fff766096fd4b/marisa_trie-1.3.1-cp313-cp313t-musllinux_1_2_x86_64.whl", hash = "sha256:83a3748088d117a9b15d8981c947df9e4f56eb2e4b5456ae34fe1f83666c9185", size = 2280132, upload-time = "2025-08-26T15:12:42.059Z" },
    { url = "https://files.pythonhosted.org/packages/28/b2/b8b0cb738fa3ab07309ed92025c6e1b278f84c7255e976921a52b30d8d1b/marisa_trie-1.3.1-cp313-cp313t-win32.whl", hash = "sha256:137010598d8cebc53dbfb7caf59bde96c33a6af555e3e1bdbf30269b6a157e1e", size = 126446, upload-time = "2025-08-26T15:12:43.339Z" },
    { url = "https://files.pythonhosted.org/packages/b6/c6/2381648d0c946556ef51c673397cea40712d945444ceed0a0a0b51a174d2/marisa_trie-1.3.1-cp313-cp313t-win_amd64.whl", hash = "sha256:ec633e108f277f2b7f4671d933a909f39bba549910bf103e2940b87a14da2783", size = 153885, upload-time = "2025-08-26T15:12:44.309Z" },
    { url = "https://files.pythonhosted.org/packages/40/8a/590f25a281e08879791aabec7b8584c7934ff3d5f9d52859197d587246ec/marisa_trie-1.3.1-cp314-cp314-macosx_10_13_x86_64.whl", hash = "sha256:389721481c14a92fa042e4b91ae065bff13e2bc567c85a10aa9d9de80aaa8622", size = 172803, upload-time = "2025-08-26T15:12:45.342Z" },
    { url = "https://files.pythonhosted.org/packages/20/7f/fd19a4aa57ad169d08e518a6ee2438e7e77bfba7786c59f65891db69d202/marisa_trie-1.3.1-cp314-cp314-macosx_11_0_arm64.whl", hash = "sha256:0e6f3b45def6ff23e254eeaa9079267004f0069d0a34eba30a620780caa4f2cb", size = 155506, upload-time = "2025-08-26T15:12:46.701Z" },
    { url = "https://files.pythonhosted.org/packages/e3/05/857832b8fe6b2ec441de1154eadc66dee067ce5fb6673c3ee0b8616108ee/marisa_trie-1.3.1-cp314-cp314-manylinux_2_24_aarch64.manylinux_2_28_aarch64.whl", hash = "sha256:3a96ef3e461ecc85ec7d2233ddc449ff5a3fbdc520caea752bc5bc8faa975231", size = 1239979, upload-time = "2025-08-26T15:12:47.943Z" },
    { url = "https://files.pythonhosted.org/packages/4c/08/f9ea8b720a627d54e8e19f19a0ec1cc2011e01aa2b4f40d078e7f5e9e21f/marisa_trie-1.3.1-cp314-cp314-manylinux_2_24_x86_64.manylinux_2_28_x86_64.whl", hash = "sha256:5370f9ef6c008e502537cc1ff518c80ddf749367ce90179efa0e7f6275903a76", size = 1255705, upload-time = "2025-08-26T15:12:49.24Z" },
    { url = "https://files.pythonhosted.org/packages/e9/c3/42360fb38cdfde5db1783e2d7cfeb8b91eea837f89ef678f308ee026d794/marisa_trie-1.3.1-cp314-cp314-musllinux_1_2_aarch64.whl", hash = "sha256:0dcd42774e367ceb423c211a4fc8e7ce586acfaf0929c9c06d98002112075239", size = 2175092, upload-time = "2025-08-26T15:12:50.602Z" },
    { url = "https://files.pythonhosted.org/packages/09/ba/215b0d821fd37cdc600e834a75708aa2e117124dcf495c9a6c6dc7fdcb6b/marisa_trie-1.3.1-cp314-cp314-musllinux_1_2_x86_64.whl", hash = "sha256:3e2a0e1be95237981bd375a388f44b33d69ea5669a2f79fea038e45fff326595", size = 2250454, upload-time = "2025-08-26T15:12:52.435Z" },
    { url = "https://files.pythonhosted.org/packages/f5/a3/292ab31a12ec1cb356e6bc8b9cc8aaec920aa892a805757c011d77e8cd93/marisa_trie-1.3.1-cp314-cp314-win32.whl", hash = "sha256:c7a33506d0451112911c69f38d55da3e0e050f2be0ea4e5176865cf03baf26a9", size = 119101, upload-time = "2025-08-26T15:12:53.615Z" },
    { url = "https://files.pythonhosted.org/packages/95/83/0ea5de53209993cf301dd9d18d4cb22c20c84c753b4357b66660a8b9eb48/marisa_trie-1.3.1-cp314-cp314-win_amd64.whl", hash = "sha256:68678816818efcd4a1787b557af81f215b989ec88680a86c85c34c914d413690", size = 142886, upload-time = "2025-08-26T15:12:54.835Z" },
    { url = "https://files.pythonhosted.org/packages/37/00/c7e063867988067992a9d9d2aceaede0be7787ca6d77ef34f2eca9d2708e/marisa_trie-1.3.1-cp314-cp314t-macosx_10_13_x86_64.whl", hash = "sha256:9e467e13971c64db6aed8afe4c2a131c3f73f048bec3f788a6141216acda598d", size = 175163, upload-time = "2025-08-26T15:12:55.908Z" },
    { url = "https://files.pythonhosted.org/packages/5f/64/eaf49d10c8506ecd717bbbeda907e474842c298354a444b875741ef4a0d9/marisa_trie-1.3.1-cp314-cp314t-macosx_11_0_arm64.whl", hash = "sha256:076731f79f8603cb3216cb6e5bbbc56536c89f63f175ad47014219ecb01e5996", size = 163119, upload-time = "2025-08-26T15:12:58.054Z" },
    { url = "https://files.pythonhosted.org/packages/b4/26/f24dd9c98ce6fc8c8d554b556e1c43f326c5df414b79aba33bd7d2d2fbfd/marisa_trie-1.3.1-cp314-cp314t-manylinux_2_24_aarch64.manylinux_2_28_aarch64.whl", hash = "sha256:82de2de90488d0fbbf74cf9f20e1afd62e320693b88f5e9565fc80b28f5bbad3", size = 1277783, upload-time = "2025-08-26T15:12:59.225Z" },
    { url = "https://files.pythonhosted.org/packages/b2/1a/efd63e75d1374e08f8ebe2e15ff1b1ed5f6d5cf57614a5b0884bd9c882ee/marisa_trie-1.3.1-cp314-cp314t-manylinux_2_24_x86_64.manylinux_2_28_x86_64.whl", hash = "sha256:0c2bc6bee737f4d47fce48c5b03a7bd3214ef2d83eb5c9f84210091370a5f195", size = 1282309, upload-time = "2025-08-26T15:13:00.797Z" },
    { url = "https://files.pythonhosted.org/packages/33/4c/0cefa1eceec7858766af5939979857ac079c6c5251e00c6991c1a26bb1b7/marisa_trie-1.3.1-cp314-cp314t-musllinux_1_2_aarch64.whl", hash = "sha256:56043cf908ddf3d7364498085dbc2855d4ea8969aff3bf2439a79482a79e68e2", size = 2196594, upload-time = "2025-08-26T15:13:02.158Z" },
    { url = "https://files.pythonhosted.org/packages/bb/64/900f4132fc345be4b40073e66284707afa4cc203d8d0f1fe78c6b111cd47/marisa_trie-1.3.1-cp314-cp314t-musllinux_1_2_x86_64.whl", hash = "sha256:9651daa1fdc471df5a5fa6a4833d3b01e76ac512eea141a5995681aebac5555f", size = 2277730, upload-time = "2025-08-26T15:13:03.528Z" },
    { url = "https://files.pythonhosted.org/packages/62/ab/6d6cf25a5c8835589a601a9a916ec5cdee740e277fed8ee620df546834bb/marisa_trie-1.3.1-cp314-cp314t-win32.whl", hash = "sha256:c6571462417cda2239b1ade86ceaf3852da9b52c6286046e87d404afc6da20a7", size = 131409, upload-time = "2025-08-26T15:13:05.106Z" },
    { url = "https://files.pythonhosted.org/packages/9a/61/c4efc044141429e67e8fd5536be86d76303f250179c7f92b2cc0c72e8d0b/marisa_trie-1.3.1-cp314-cp314t-win_amd64.whl", hash = "sha256:9e6496bbad3068e3bbbb934b1e1307bf1a9cb4609f9ec47b57e8ea37f1b5ee40", size = 162564, upload-time = "2025-08-26T15:13:06.112Z" },
]

[[package]]
name = "packaging"
version = "25.0"
source = { registry = "https://pypi.org/simple" }
sdist = { url = "https://files.pythonhosted.org/packages/a1/d4/1fc4078c65507b51b96ca8f8c3ba19e6a61c8253c72794544580a7b6c24d/packaging-25.0.tar.gz", hash = "sha256:d443872c98d677bf60f6a1f2f8c1cb748e8fe762d2bf9d3148b5599295b0fc4f", size = 165727, upload-time = "2025-04-19T11:48:59.673Z" }
wheels = [
    { url = "https://files.pythonhosted.org/packages/20/12/38679034af332785aac8774540895e234f4d07f7545804097de4b666afd8/packaging-25.0-py3-none-any.whl", hash = "sha256:29572ef2b1f17581046b3a2227d5c611fb25ec70ca1ba8554b24b0e69331a484", size = 66469, upload-time = "2025-04-19T11:48:57.875Z" },
]

[[package]]
name = "pluggy"
version = "1.6.0"
source = { registry = "https://pypi.org/simple" }
sdist = { url = "https://files.pythonhosted.org/packages/f9/e2/3e91f31a7d2b083fe6ef3fa267035b518369d9511ffab804f839851d2779/pluggy-1.6.0.tar.gz", hash = "sha256:7dcc130b76258d33b90f61b658791dede3486c3e6bfb003ee5c9bfb396dd22f3", size = 69412, upload-time = "2025-05-15T12:30:07.975Z" }
wheels = [
    { url = "https://files.pythonhosted.org/packages/54/20/4d324d65cc6d9205fabedc306948156824eb9f0ee1633355a8f7ec5c66bf/pluggy-1.6.0-py3-none-any.whl", hash = "sha256:e920276dd6813095e9377c0bc5566d94c932c33b27a3e3945d8389c374dd4746", size = 20538, upload-time = "2025-05-15T12:30:06.134Z" },
]

[[package]]
name = "pygments"
version = "2.19.2"
source = { registry = "https://pypi.org/simple" }
sdist = { url = "https://files.pythonhosted.org/packages/b0/77/a5b8c569bf593b0140bde72ea885a803b82086995367bf2037de0159d924/pygments-2.19.2.tar.gz", hash = "sha256:636cb2477cec7f8952536970bc533bc43743542f70392ae026374600add5b887", size = 4968631, upload-time = "2025-06-21T13:39:12.283Z" }
wheels = [
    { url = "https://files.pythonhosted.org/packages/c7/21/705964c7812476f378728bdf590ca4b771ec72385c533964653c68e86bdc/pygments-2.19.2-py3-none-any.whl", hash = "sha256:86540386c03d588bb81d44bc3928634ff26449851e99741617ecb9037ee5ec0b", size = 1225217, upload-time = "2025-06-21T13:39:07.939Z" },
]

[[package]]
name = "pytest"
version = "8.4.2"
source = { registry = "https://pypi.org/simple" }
dependencies = [
    { name = "colorama", marker = "sys_platform == 'win32'" },
    { name = "exceptiongroup", marker = "python_full_version < '3.11'" },
    { name = "iniconfig" },
    { name = "packaging" },
    { name = "pluggy" },
    { name = "pygments" },
    { name = "tomli", marker = "python_full_version < '3.11'" },
]
sdist = { url = "https://files.pythonhosted.org/packages/a3/5c/00a0e072241553e1a7496d638deababa67c5058571567b92a7eaa258397c/pytest-8.4.2.tar.gz", hash = "sha256:86c0d0b93306b961d58d62a4db4879f27fe25513d4b969df351abdddb3c30e01", size = 1519618, upload-time = "2025-09-04T14:34:22.711Z" }
wheels = [
    { url = "https://files.pythonhosted.org/packages/a8/a4/20da314d277121d6534b3a980b29035dcd51e6744bd79075a6ce8fa4eb8d/pytest-8.4.2-py3-none-any.whl", hash = "sha256:872f880de3fc3a5bdc88a11b39c9710c3497a547cfa9320bc3c5e62fbf272e79", size = 365750, upload-time = "2025-09-04T14:34:20.226Z" },
]

[[package]]
name = "sniffio"
version = "1.3.1"
source = { registry = "https://pypi.org/simple" }
sdist = { url = "https://files.pythonhosted.org/packages/a2/87/a6771e1546d97e7e041b6ae58d80074f81b7d5121207425c964ddf5cfdbd/sniffio-1.3.1.tar.gz", hash = "sha256:f4324edc670a0f49750a81b895f35c3adb843cca46f0530f79fc1babb23789dc", size = 20372, upload-time = "2024-02-25T23:20:04.057Z" }
wheels = [
    { url = "https://files.pythonhosted.org/packages/e9/44/75a9c9421471a6c4805dbf2356f7c181a29c1879239abab1ea2cc8f38b40/sniffio-1.3.1-py3-none-any.whl", hash = "sha256:2f6da418d1f1e0fddd844478f41680e794e6051915791a034ff65e5f100525a2", size = 10235, upload-time = "2024-02-25T23:20:01.196Z" },
]

[[package]]
name = "tomli"
version = "2.3.0"
source = { registry = "https://pypi.org/simple" }
sdist = { url = "https://files.pythonhosted.org/packages/52/ed/3f73f72945444548f33eba9a87fc7a6e969915e7b1acc8260b30e1f76a2f/tomli-2.3.0.tar.gz", hash = "sha256:64be704a875d2a59753d80ee8a533c3fe183e3f06807ff7dc2232938ccb01549", size = 17392, upload-time = "2025-10-08T22:01:47.119Z" }
wheels = [
    { url = "https://files.pythonhosted.org/packages/b3/2e/299f62b401438d5fe1624119c723f5d877acc86a4c2492da405626665f12/tomli-2.3.0-cp311-cp311-macosx_10_9_x86_64.whl", hash = "sha256:88bd15eb972f3664f5ed4b57c1634a97153b4bac4479dcb6a495f41921eb7f45", size = 153236, upload-time = "2025-10-08T22:01:00.137Z" },
    { url = "https://files.pythonhosted.org/packages/86/7f/d8fffe6a7aefdb61bced88fcb5e280cfd71e08939da5894161bd71bea022/tomli-2.3.0-cp311-cp311-macosx_11_0_arm64.whl", hash = "sha256:883b1c0d6398a6a9d29b508c331fa56adbcdff647f6ace4dfca0f50e90dfd0ba", size = 148084, upload-time = "2025-10-08T22:01:01.63Z" },
    { url = "https://files.pythonhosted.org/packages/47/5c/24935fb6a2ee63e86d80e4d3b58b222dafaf438c416752c8b58537c8b89a/tomli-2.3.0-cp311-cp311-manylinux2014_aarch64.manylinux_2_17_aarch64.manylinux_2_28_aarch64.whl", hash = "sha256:d1381caf13ab9f300e30dd8feadb3de072aeb86f1d34a8569453ff32a7dea4bf", size = 234832, upload-time = "2025-10-08T22:01:02.543Z" },
    { url = "https://files.pythonhosted.org/packages/89/da/75dfd804fc11e6612846758a23f13271b76d577e299592b4371a4ca4cd09/tomli-2.3.0-cp311-cp311-manylinux2014_x86_64.manylinux_2_17_x86_64.manylinux_2_28_x86_64.whl", hash = "sha256:a0e285d2649b78c0d9027570d4da3425bdb49830a6156121360b3f8511ea3441", size = 242052, upload-time = "2025-10-08T22:01:03.836Z" },
    { url = "https://files.pythonhosted.org/packages/70/8c/f48ac899f7b3ca7eb13af73bacbc93aec37f9c954df3c08ad96991c8c373/tomli-2.3.0-cp311-cp311-musllinux_1_2_aarch64.whl", hash = "sha256:0a154a9ae14bfcf5d8917a59b51ffd5a3ac1fd149b71b47a3a104ca4edcfa845", size = 239555, upload-time = "2025-10-08T22:01:04.834Z" },
    { url = "https://files.pythonhosted.org/packages/ba/28/72f8afd73f1d0e7829bfc093f4cb98ce0a40ffc0cc997009ee1ed94ba705/tomli-2.3.0-cp311-cp311-musllinux_1_2_x86_64.whl", hash = "sha256:74bf8464ff93e413514fefd2be591c3b0b23231a77f901db1eb30d6f712fc42c", size = 245128, upload-time = "2025-10-08T22:01:05.84Z" },
    { url = "https://files.pythonhosted.org/packages/b6/eb/a7679c8ac85208706d27436e8d421dfa39d4c914dcf5fa8083a9305f58d9/tomli-2.3.0-cp311-cp311-win32.whl", hash = "sha256:00b5f5d95bbfc7d12f91ad8c593a1659b6387b43f054104cda404be6bda62456", size = 96445, upload-time = "2025-10-08T22:01:06.896Z" },
    { url = "https://files.pythonhosted.org/packages/0a/fe/3d3420c4cb1ad9cb462fb52967080575f15898da97e21cb6f1361d505383/tomli-2.3.0-cp311-cp311-win_amd64.whl", hash = "sha256:4dc4ce8483a5d429ab602f111a93a6ab1ed425eae3122032db7e9acf449451be", size = 107165, upload-time = "2025-10-08T22:01:08.107Z" },
    { url = "https://files.pythonhosted.org/packages/ff/b7/40f36368fcabc518bb11c8f06379a0fd631985046c038aca08c6d6a43c6e/tomli-2.3.0-cp312-cp312-macosx_10_13_x86_64.whl", hash = "sha256:d7d86942e56ded512a594786a5ba0a5e521d02529b3826e7761a05138341a2ac", size = 154891, upload-time = "2025-10-08T22:01:09.082Z" },
    { url = "https://files.pythonhosted.org/packages/f9/3f/d9dd692199e3b3aab2e4e4dd948abd0f790d9ded8cd10cbaae276a898434/tomli-2.3.0-cp312-cp312-macosx_11_0_arm64.whl", hash = "sha256:73ee0b47d4dad1c5e996e3cd33b8a76a50167ae5f96a2607cbe8cc773506ab22", size = 148796, upload-time = "2025-10-08T22:01:10.266Z" },
    { url = "https://files.pythonhosted.org/packages/60/83/59bff4996c2cf9f9387a0f5a3394629c7efa5ef16142076a23a90f1955fa/tomli-2.3.0-cp312-cp312-manylinux2014_aarch64.manylinux_2_17_aarch64.manylinux_2_28_aarch64.whl", hash = "sha256:792262b94d5d0a466afb5bc63c7daa9d75520110971ee269152083270998316f", size = 242121, upload-time = "2025-10-08T22:01:11.332Z" },
    { url = "https://files.pythonhosted.org/packages/45/e5/7c5119ff39de8693d6baab6c0b6dcb556d192c165596e9fc231ea1052041/tomli-2.3.0-cp312-cp312-manylinux2014_x86_64.manylinux_2_17_x86_64.manylinux_2_28_x86_64.whl", hash = "sha256:4f195fe57ecceac95a66a75ac24d9d5fbc98ef0962e09b2eddec5d39375aae52", size = 250070, upload-time = "2025-10-08T22:01:12.498Z" },
    { url = "https://files.pythonhosted.org/packages/45/12/ad5126d3a278f27e6701abde51d342aa78d06e27ce2bb596a01f7709a5a2/tomli-2.3.0-cp312-cp312-musllinux_1_2_aarch64.whl", hash = "sha256:e31d432427dcbf4d86958c184b9bfd1e96b5b71f8eb17e6d02531f434fd335b8", size = 245859, upload-time = "2025-10-08T22:01:13.551Z" },
    { url = "https://files.pythonhosted.org/packages/fb/a1/4d6865da6a71c603cfe6ad0e6556c73c76548557a8d658f9e3b142df245f/tomli-2.3.0-cp312-cp312-musllinux_1_2_x86_64.whl", hash = "sha256:7b0882799624980785240ab732537fcfc372601015c00f7fc367c55308c186f6", size = 250296, upload-time = "2025-10-08T22:01:14.614Z" },
    { url = "https://files.pythonhosted.org/packages/a0/b7/a7a7042715d55c9ba6e8b196d65d2cb662578b4d8cd17d882d45322b0d78/tomli-2.3.0-cp312-cp312-win32.whl", hash = "sha256:ff72b71b5d10d22ecb084d345fc26f42b5143c5533db5e2eaba7d2d335358876", size = 97124, upload-time = "2025-10-08T22:01:15.629Z" },
    { url = "https://files.pythonhosted.org/packages/06/1e/f22f100db15a68b520664eb3328fb0ae4e90530887928558112c8d1f4515/tomli-2.3.0-cp312-cp312-win_amd64.whl", hash = "sha256:1cb4ed918939151a03f33d4242ccd0aa5f11b3547d0cf30f7c74a408a5b99878", size = 107698, upload-time = "2025-10-08T22:01:16.51Z" },
    { url = "https://files.pythonhosted.org/packages/89/48/06ee6eabe4fdd9ecd48bf488f4ac783844fd777f547b8d1b61c11939974e/tomli-2.3.0-cp313-cp313-macosx_10_13_x86_64.whl", hash = "sha256:5192f562738228945d7b13d4930baffda67b69425a7f0da96d360b0a3888136b", size = 154819, upload-time = "2025-10-08T22:01:17.964Z" },
    { url = "https://files.pythonhosted.org/packages/f1/01/88793757d54d8937015c75dcdfb673c65471945f6be98e6a0410fba167ed/tomli-2.3.0-cp313-cp313-macosx_11_0_arm64.whl", hash = "sha256:be71c93a63d738597996be9528f4abe628d1adf5e6eb11607bc8fe1a510b5dae", size = 148766, upload-time = "2025-10-08T22:01:18.959Z" },
    { url = "https://files.pythonhosted.org/packages/42/17/5e2c956f0144b812e7e107f94f1cc54af734eb17b5191c0bbfb72de5e93e/tomli-2.3.0-cp313-cp313-manylinux2014_aarch64.manylinux_2_17_aarch64.manylinux_2_28_aarch64.whl", hash = "sha256:c4665508bcbac83a31ff8ab08f424b665200c0e1e645d2bd9ab3d3e557b6185b", size = 240771, upload-time = "2025-10-08T22:01:20.106Z" },
    { url = "https://files.pythonhosted.org/packages/d5/f4/0fbd014909748706c01d16824eadb0307115f9562a15cbb012cd9b3512c5/tomli-2.3.0-cp313-cp313-manylinux2014_x86_64.manylinux_2_17_x86_64.manylinux_2_28_x86_64.whl", hash = "sha256:4021923f97266babc6ccab9f5068642a0095faa0a51a246a6a02fccbb3514eaf", size = 248586, upload-time = "2025-10-08T22:01:21.164Z" },
    { url = "https://files.pythonhosted.org/packages/30/77/fed85e114bde5e81ecf9bc5da0cc69f2914b38f4708c80ae67d0c10180c5/tomli-2.3.0-cp313-cp313-musllinux_1_2_aarch64.whl", hash = "sha256:a4ea38c40145a357d513bffad0ed869f13c1773716cf71ccaa83b0fa0cc4e42f", size = 244792, upload-time = "2025-10-08T22:01:22.417Z" },
    { url = "https://files.pythonhosted.org/packages/55/92/afed3d497f7c186dc71e6ee6d4fcb0acfa5f7d0a1a2878f8beae379ae0cc/tomli-2.3.0-cp313-cp313-musllinux_1_2_x86_64.whl", hash = "sha256:ad805ea85eda330dbad64c7ea7a4556259665bdf9d2672f5dccc740eb9d3ca05", size = 248909, upload-time = "2025-10-08T22:01:23.859Z" },
    { url = "https://files.pythonhosted.org/packages/f8/84/ef50c51b5a9472e7265ce1ffc7f24cd4023d289e109f669bdb1553f6a7c2/tomli-2.3.0-cp313-cp313-win32.whl", hash = "sha256:97d5eec30149fd3294270e889b4234023f2c69747e555a27bd708828353ab606", size = 96946, upload-time = "2025-10-08T22:01:24.893Z" },
    { url = "https://files.pythonhosted.org/packages/b2/b7/718cd1da0884f281f95ccfa3a6cc572d30053cba64603f79d431d3c9b61b/tomli-2.3.0-cp313-cp313-win_amd64.whl", hash = "sha256:0c95ca56fbe89e065c6ead5b593ee64b84a26fca063b5d71a1122bf26e533999", size = 107705, upload-time = "2025-10-08T22:01:26.153Z" },
    { url = "https://files.pythonhosted.org/packages/19/94/aeafa14a52e16163008060506fcb6aa1949d13548d13752171a755c65611/tomli-2.3.0-cp314-cp314-macosx_10_13_x86_64.whl", hash = "sha256:cebc6fe843e0733ee827a282aca4999b596241195f43b4cc371d64fc6639da9e", size = 154244, upload-time = "2025-10-08T22:01:27.06Z" },
    { url = "https://files.pythonhosted.org/packages/db/e4/1e58409aa78eefa47ccd19779fc6f36787edbe7d4cd330eeeedb33a4515b/tomli-2.3.0-cp314-cp314-macosx_11_0_arm64.whl", hash = "sha256:4c2ef0244c75aba9355561272009d934953817c49f47d768070c3c94355c2aa3", size = 148637, upload-time = "2025-10-08T22:01:28.059Z" },
    { url = "https://files.pythonhosted.org/packages/26/b6/d1eccb62f665e44359226811064596dd6a366ea1f985839c566cd61525ae/tomli-2.3.0-cp314-cp314-manylinux2014_aarch64.manylinux_2_17_aarch64.manylinux_2_28_aarch64.whl", hash = "sha256:c22a8bf253bacc0cf11f35ad9808b6cb75ada2631c2d97c971122583b129afbc", size = 241925, upload-time = "2025-10-08T22:01:29.066Z" },
    { url = "https://files.pythonhosted.org/packages/70/91/7cdab9a03e6d3d2bb11beae108da5bdc1c34bdeb06e21163482544ddcc90/tomli-2.3.0-cp314-cp314-manylinux2014_x86_64.manylinux_2_17_x86_64.manylinux_2_28_x86_64.whl", hash = "sha256:0eea8cc5c5e9f89c9b90c4896a8deefc74f518db5927d0e0e8d4a80953d774d0", size = 249045, upload-time = "2025-10-08T22:01:31.98Z" },
    { url = "https://files.pythonhosted.org/packages/15/1b/8c26874ed1f6e4f1fcfeb868db8a794cbe9f227299402db58cfcc858766c/tomli-2.3.0-cp314-cp314-musllinux_1_2_aarch64.whl", hash = "sha256:b74a0e59ec5d15127acdabd75ea17726ac4c5178ae51b85bfe39c4f8a278e879", size = 245835, upload-time = "2025-10-08T22:01:32.989Z" },
    { url = "https://files.pythonhosted.org/packages/fd/42/8e3c6a9a4b1a1360c1a2a39f0b972cef2cc9ebd56025168c4137192a9321/tomli-2.3.0-cp314-cp314-musllinux_1_2_x86_64.whl", hash = "sha256:b5870b50c9db823c595983571d1296a6ff3e1b88f734a4c8f6fc6188397de005", size = 253109, upload-time = "2025-10-08T22:01:34.052Z" },
    { url = "https://files.pythonhosted.org/packages/22/0c/b4da635000a71b5f80130937eeac12e686eefb376b8dee113b4a582bba42/tomli-2.3.0-cp314-cp314-win32.whl", hash = "sha256:feb0dacc61170ed7ab602d3d972a58f14ee3ee60494292d384649a3dc38ef463", size = 97930, upload-time = "2025-10-08T22:01:35.082Z" },
    { url = "https://files.pythonhosted.org/packages/b9/74/cb1abc870a418ae99cd5c9547d6bce30701a954e0e721821df483ef7223c/tomli-2.3.0-cp314-cp314-win_amd64.whl", hash = "sha256:b273fcbd7fc64dc3600c098e39136522650c49bca95df2d11cf3b626422392c8", size = 107964, upload-time = "2025-10-08T22:01:36.057Z" },
    { url = "https://files.pythonhosted.org/packages/54/78/5c46fff6432a712af9f792944f4fcd7067d8823157949f4e40c56b8b3c83/tomli-2.3.0-cp314-cp314t-macosx_10_13_x86_64.whl", hash = "sha256:940d56ee0410fa17ee1f12b817b37a4d4e4dc4d27340863cc67236c74f582e77", size = 163065, upload-time = "2025-10-08T22:01:37.27Z" },
    { url = "https://files.pythonhosted.org/packages/39/67/f85d9bd23182f45eca8939cd2bc7050e1f90c41f4a2ecbbd5963a1d1c486/tomli-2.3.0-cp314-cp314t-macosx_11_0_arm64.whl", hash = "sha256:f85209946d1fe94416debbb88d00eb92ce9cd5266775424ff81bc959e001acaf", size = 159088, upload-time = "2025-10-08T22:01:38.235Z" },
    { url = "https://files.pythonhosted.org/packages/26/5a/4b546a0405b9cc0659b399f12b6adb750757baf04250b148d3c5059fc4eb/tomli-2.3.0-cp314-cp314t-manylinux2014_aarch64.manylinux_2_17_aarch64.manylinux_2_28_aarch64.whl", hash = "sha256:a56212bdcce682e56b0aaf79e869ba5d15a6163f88d5451cbde388d48b13f530", size = 268193, upload-time = "2025-10-08T22:01:39.712Z" },
    { url = "https://files.pythonhosted.org/packages/42/4f/2c12a72ae22cf7b59a7fe75b3465b7aba40ea9145d026ba41cb382075b0e/tomli-2.3.0-cp314-cp314t-manylinux2014_x86_64.manylinux_2_17_x86_64.manylinux_2_28_x86_64.whl", hash = "sha256:c5f3ffd1e098dfc032d4d3af5c0ac64f6d286d98bc148698356847b80fa4de1b", size = 275488, upload-time = "2025-10-08T22:01:40.773Z" },
    { url = "https://files.pythonhosted.org/packages/92/04/a038d65dbe160c3aa5a624e93ad98111090f6804027d474ba9c37c8ae186/tomli-2.3.0-cp314-cp314t-musllinux_1_2_aarch64.whl", hash = "sha256:5e01decd096b1530d97d5d85cb4dff4af2d8347bd35686654a004f8dea20fc67", size = 272669, upload-time = "2025-10-08T22:01:41.824Z" },
    { url = "https://files.pythonhosted.org/packages/be/2f/8b7c60a9d1612a7cbc39ffcca4f21a73bf368a80fc25bccf8253e2563267/tomli-2.3.0-cp314-cp314t-musllinux_1_2_x86_64.whl", hash = "sha256:8a35dd0e643bb2610f156cca8db95d213a90015c11fee76c946aa62b7ae7e02f", size = 279709, upload-time = "2025-10-08T22:01:43.177Z" },
    { url = "https://files.pythonhosted.org/packages/7e/46/cc36c679f09f27ded940281c38607716c86cf8ba4a518d524e349c8b4874/tomli-2.3.0-cp314-cp314t-win32.whl", hash = "sha256:a1f7f282fe248311650081faafa5f4732bdbfef5d45fe3f2e702fbc6f2d496e0", size = 107563, upload-time = "2025-10-08T22:01:44.233Z" },
    { url = "https://files.pythonhosted.org/packages/84/ff/426ca8683cf7b753614480484f6437f568fd2fda2edbdf57a2d3d8b27a0b/tomli-2.3.0-cp314-cp314t-win_amd64.whl", hash = "sha256:70a251f8d4ba2d9ac2542eecf008b3c8a9fc5c3f9f02c56a9d7952612be2fdba", size = 119756, upload-time = "2025-10-08T22:01:45.234Z" },
    { url = "https://files.pythonhosted.org/packages/77/b8/0135fadc89e73be292b473cb820b4f5a08197779206b33191e801feeae40/tomli-2.3.0-py3-none-any.whl", hash = "sha256:e95b1af3c5b07d9e643909b5abbec77cd9f1217e6d0bca72b0234736b9fb1f1b", size = 14408, upload-time = "2025-10-08T22:01:46.04Z" },
]

[[package]]
name = "typing-extensions"
version = "4.15.0"
source = { registry = "https://pypi.org/simple" }
sdist = { url = "https://files.pythonhosted.org/packages/72/94/1a15dd82efb362ac84269196e94cf00f187f7ed21c242792a923cdb1c61f/typing_extensions-4.15.0.tar.gz", hash = "sha256:0cea48d173cc12fa28ecabc3b837ea3cf6f38c6d1136f85cbaaf598984861466", size = 109391, upload-time = "2025-08-25T13:49:26.313Z" }
wheels = [
    { url = "https://files.pythonhosted.org/packages/18/67/36e9267722cc04a6b9f15c7f3441c2363321a3ea07da7ae0c0707beb2a9c/typing_extensions-4.15.0-py3-none-any.whl", hash = "sha256:f0fa19c6845758ab08074a0cfa8b7aecb71c999ca73d62883bc25cc018c4e548", size = 44614, upload-time = "2025-08-25T13:49:24.86Z" },
]

[[package]]
name = "unidata-blocks"
version = "0.0.19"
source = { editable = "." }
dependencies = [
    { name = "langcodes" },
]

[package.dev-dependencies]
dev = [
    { name = "httpx", extra = ["http2"] },
    { name = "pytest" },
]

[package.metadata]
requires-dist = [{ name = "langcodes", specifier = ">=3.5.0" }]

[package.metadata.requires-dev]
dev = [
    { name = "httpx", extras = ["http2"], specifier = ">=0.28.1" },
    { name = "pytest", specifier = ">=8.4.2" },
]
